
Microsoft Visual Studio Solution File, Format Version 12.00
# Visual Studio Version 17
VisualStudioVersion = 17.4.33213.308
MinimumVisualStudioVersion = 10.0.40219.1
Project("{FAE04EC0-301F-11D3-BF4B-00C04F79EFBC}") = "CatalagoFilmes_SCF", "CatalagoFilmes_SCF\CatalagoFilmes_SCF.csproj", "{6F269811-AAFD-4EC4-B73E-2C9506CBF69D}"
EndProject
Global
	GlobalSection(SolutionConfigurationPlatforms) = preSolution
		Debug|Any CPU = Debug|Any CPU
		Release|Any CPU = Release|Any CPU
	EndGlobalSection
	GlobalSection(ProjectConfigurationPlatforms) = postSolution
		{6F269811-AAFD-4EC4-B73E-2C9506CBF69D}.Debug|Any CPU.ActiveCfg = Debug|Any CPU
		{6F269811-AAFD-4EC4-B73E-2C9506CBF69D}.Debug|Any CPU.Build.0 = Debug|Any CPU
		{6F269811-AAFD-4EC4-B73E-2C9506CBF69D}.Release|Any CPU.ActiveCfg = Release|Any CPU
		{6F269811-AAFD-4EC4-B73E-2C9506CBF69D}.Release|Any CPU.Build.0 = Release|Any CPU
	EndGlobalSection
	GlobalSection(SolutionProperties) = preSolution
		HideSolutionNode = FALSE
	EndGlobalSection
	GlobalSection(ExtensibilityGlobals) = postSolution
		SolutionGuid = {3922B641-12B4-4F5C-A7EE-5CA6A4FBED64}
	EndGlobalSection
EndGlobal
